{
    "name": "samples-generator",
    "version": "1.0.0",
    "lockfileVersion": 2,
    "requires": true,
    "packages": {
        "": {
            "name": "samples-generator",
            "version": "1.0.0",
            "license": "ISC",
            "dependencies": {
                "js-yaml": "^4.1.0",
                "openapi-snippet": "^0.13.0"
            }
        },
        "node_modules/@types/json-schema": {
            "version": "7.0.11",
            "resolved": "https://registry.npmjs.org/@types/json-schema/-/json-schema-7.0.11.tgz",
            "integrity": "sha512-wOuvG1SN4Us4rez+tylwwwCV1psiNVOkJeM3AUWUNWg/jDQY2+HE/444y5gc+jBmRqASOm2Oeh5c1axHobwRKQ=="
        },
        "node_modules/ajv": {
            "version": "6.12.6",
            "resolved": "https://registry.npmjs.org/ajv/-/ajv-6.12.6.tgz",
            "integrity": "sha512-j3fVLgvTo527anyYyJOGTYJbG+vnnQYvE0m5mmkc1TK+nxAppkCLMIL0aZ4dblVCNoGShhm+kzE4ZUykBoMg4g==",
            "dependencies": {
                "fast-deep-equal": "^3.1.1",
                "fast-json-stable-stringify": "^2.0.0",
                "json-schema-traverse": "^0.4.1",
                "uri-js": "^4.2.2"
            },
            "funding": {
                "type": "github",
                "url": "https://github.com/sponsors/epoberezkin"
            }
        },
        "node_modules/ansi-regex": {
            "version": "2.1.1",
            "resolved": "https://registry.npmjs.org/ansi-regex/-/ansi-regex-2.1.1.tgz",
            "integrity": "sha512-TIGnTpdo+E3+pCyAluZvtED5p5wCqLdezCyhPZzKPcxvFplEt4i+W7OONCKgeZFT3+y5NZZfOOS/Bdcanm1MYA==",
            "engines": {
                "node": ">=0.10.0"
            }
        },
        "node_modules/ansi-styles": {
            "version": "2.2.1",
            "resolved": "https://registry.npmjs.org/ansi-styles/-/ansi-styles-2.2.1.tgz",
            "integrity": "sha512-kmCevFghRiWM7HB5zTPULl4r9bVFSWjz62MhqizDGUrq2NWuNMQyuv4tHHoKJHs69M/MF64lEcHdYIocrdWQYA==",
            "engines": {
                "node": ">=0.10.0"
            }
        },
        "node_modules/argparse": {
            "version": "2.0.1",
            "resolved": "https://registry.npmjs.org/argparse/-/argparse-2.0.1.tgz",
            "integrity": "sha512-8+9WqebbFzpX9OR+Wa6O29asIogeRMzcGtAINdpMHHyAg10f05aSFVBbcEqGf/PXw1EjAZ+q2/bEBg3DvurK3Q=="
        },
        "node_modules/asynckit": {
            "version": "0.4.0",
            "resolved": "https://registry.npmjs.org/asynckit/-/asynckit-0.4.0.tgz",
            "integrity": "sha512-Oei9OH4tRh0YqU3GxhX79dM/mwVgvbZJaSNaRk+bshkj0S5cfHcgYakreBjrHwatXKbz+IoIdYLxrKim2MjW0Q=="
        },
        "node_modules/chalk": {
            "version": "1.1.3",
            "resolved": "https://registry.npmjs.org/chalk/-/chalk-1.1.3.tgz",
            "integrity": "sha512-U3lRVLMSlsCfjqYPbLyVv11M9CPW4I728d6TCKMAOJueEeB9/8o+eSsMnxPJD+Q+K909sdESg7C+tIkoH6on1A==",
            "dependencies": {
                "ansi-styles": "^2.2.1",
                "escape-string-regexp": "^1.0.2",
                "has-ansi": "^2.0.0",
                "strip-ansi": "^3.0.0",
                "supports-color": "^2.0.0"
            },
            "engines": {
                "node": ">=0.10.0"
            }
        },
        "node_modules/combined-stream": {
            "version": "1.0.8",
            "resolved": "https://registry.npmjs.org/combined-stream/-/combined-stream-1.0.8.tgz",
            "integrity": "sha512-FQN4MRfuJeHf7cBbBMJFXhKSDq+2kAArBlmRBvcvFE5BB1HZKXtSFASDhdlz9zOYwxh8lDdnvmMOe/+5cdoEdg==",
            "dependencies": {
                "delayed-stream": "~1.0.0"
            },
            "engines": {
                "node": ">= 0.8"
            }
        },
        "node_modules/commander": {
            "version": "2.20.3",
            "resolved": "https://registry.npmjs.org/commander/-/commander-2.20.3.tgz",
            "integrity": "sha512-GpVkmM8vF2vQUkj2LvZmD35JxeJOLCwJ9cUkugyk2nuhbv3+mJvpLYYt+0+USMxE+oj+ey/lJEnhZw75x/OMcQ=="
        },
        "node_modules/debug": {
            "version": "2.6.9",
            "resolved": "https://registry.npmjs.org/debug/-/debug-2.6.9.tgz",
            "integrity": "sha512-bC7ElrdJaJnPbAP+1EotYvqZsb3ecl5wi6Bfi6BJTUcNowp6cvspg0jXznRTKDjm/E7AdgFBVeAPVMNcKGsHMA==",
            "dependencies": {
                "ms": "2.0.0"
            }
        },
        "node_modules/delayed-stream": {
            "version": "1.0.0",
            "resolved": "https://registry.npmjs.org/delayed-stream/-/delayed-stream-1.0.0.tgz",
            "integrity": "sha512-ZySD7Nf91aLB0RxL4KGrKHBXl7Eds1DAmEdcoVawXnLD7SDhpNgtuII2aAkg7a7QS41jxPSZ17p4VdGnMHk3MQ==",
            "engines": {
                "node": ">=0.4.0"
            }
        },
        "node_modules/duplexer": {
            "version": "0.1.2",
            "resolved": "https://registry.npmjs.org/duplexer/-/duplexer-0.1.2.tgz",
            "integrity": "sha512-jtD6YG370ZCIi/9GTaJKQxWTZD045+4R4hTk/x1UyoqadyJ9x9CgSi1RlVDQF8U2sxLLSnFkCaMihqljHIWgMg=="
        },
        "node_modules/escape-string-regexp": {
            "version": "1.0.5",
            "resolved": "https://registry.npmjs.org/escape-string-regexp/-/escape-string-regexp-1.0.5.tgz",
            "integrity": "sha512-vbRorB5FUQWvla16U8R/qgaFIya2qGzwDrNmCZuYKrbdSUMG6I1ZCGQRefkRVhuOkIGVne7BQ35DSfo1qvJqFg==",
            "engines": {
                "node": ">=0.8.0"
            }
        },
        "node_modules/event-stream": {
            "version": "3.3.4",
            "resolved": "https://registry.npmjs.org/event-stream/-/event-stream-3.3.4.tgz",
            "integrity": "sha512-QHpkERcGsR0T7Qm3HNJSyXKEEj8AHNxkY3PK8TS2KJvQ7NiSHe3DDpwVKKtoYprL/AreyzFBeIkBIWChAqn60g==",
            "dependencies": {
                "duplexer": "~0.1.1",
                "from": "~0",
                "map-stream": "~0.1.0",
                "pause-stream": "0.0.11",
                "split": "0.3",
                "stream-combiner": "~0.0.4",
                "through": "~2.3.1"
            }
        },
        "node_modules/fast-deep-equal": {
            "version": "3.1.3",
            "resolved": "https://registry.npmjs.org/fast-deep-equal/-/fast-deep-equal-3.1.3.tgz",
            "integrity": "sha512-f3qQ9oQy9j2AhBe/H9VC91wLmKBCCU/gDOnKNAYG5hswO7BLKj09Hc5HYNz9cGI++xlpDCIgDaitVs03ATR84Q=="
        },
        "node_modules/fast-json-stable-stringify": {
            "version": "2.1.0",
            "resolved": "https://registry.npmjs.org/fast-json-stable-stringify/-/fast-json-stable-stringify-2.1.0.tgz",
            "integrity": "sha512-lhd/wF+Lk98HZoTCtlVraHtfh5XYijIjalXck7saUtuanSDyLMxnHhSXEDJqHxD7msR8D0uCmqlkwjCV8xvwHw=="
        },
        "node_modules/foreach": {
            "version": "2.0.6",
            "resolved": "https://registry.npmjs.org/foreach/-/foreach-2.0.6.tgz",
            "integrity": "sha512-k6GAGDyqLe9JaebCsFCoudPPWfihKu8pylYXRlqP1J7ms39iPoTtk2fviNglIeQEwdh0bQeKJ01ZPyuyQvKzwg=="
        },
        "node_modules/form-data": {
            "version": "3.0.0",
            "resolved": "https://registry.npmjs.org/form-data/-/form-data-3.0.0.tgz",
            "integrity": "sha512-CKMFDglpbMi6PyN+brwB9Q/GOw0eAnsrEZDgcsH5Krhz5Od/haKHAX0NmQfha2zPPz0JpWzA7GJHGSnvCRLWsg==",
            "dependencies": {
                "asynckit": "^0.4.0",
                "combined-stream": "^1.0.8",
                "mime-types": "^2.1.12"
            },
            "engines": {
                "node": ">= 6"
            }
        },
        "node_modules/from": {
            "version": "0.1.7",
            "resolved": "https://registry.npmjs.org/from/-/from-0.1.7.tgz",
            "integrity": "sha512-twe20eF1OxVxp/ML/kq2p1uc6KvFK/+vs8WjEbeKmV2He22MKm7YF2ANIt+EOqhJ5L3K/SuuPhk0hWQDjOM23g=="
        },
        "node_modules/fs-readfile-promise": {
            "version": "2.0.1",
            "resolved": "https://registry.npmjs.org/fs-readfile-promise/-/fs-readfile-promise-2.0.1.tgz",
            "integrity": "sha512-7+P9eOOMnkIOmtxrBWTzWOBQlE7Nz/cBx9EYTX5hm8DzmZ/Fj9YWeUY2O9G+Q8YblScd1hyEkcmNcZMDj5U8Ug==",
            "dependencies": {
                "graceful-fs": "^4.1.2"
            }
        },
        "node_modules/fs-writefile-promise": {
            "version": "1.0.3",
            "resolved": "https://registry.npmjs.org/fs-writefile-promise/-/fs-writefile-promise-1.0.3.tgz",
            "integrity": "sha512-yI+wDwj0FsgX7tyIQJR+EP60R64evMSixtGb9AzGWjJVKlF5tCet95KomfqGBg/aIAG1Dhd6wjCOQe5HbX/qLA==",
            "dependencies": {
                "mkdirp-promise": "^1.0.0",
                "pinkie-promise": "^1.0.0"
            },
            "engines": {
                "node": ">=0.10"
            }
        },
        "node_modules/get-own-enumerable-property-symbols": {
            "version": "3.0.2",
            "resolved": "https://registry.npmjs.org/get-own-enumerable-property-symbols/-/get-own-enumerable-property-symbols-3.0.2.tgz",
            "integrity": "sha512-I0UBV/XOz1XkIJHEUDMZAbzCThU/H8DxmSfmdGcKPnVhu2VfFqr34jr9777IyaTYvxjedWhqVIilEDsCdP5G6g=="
        },
        "node_modules/graceful-fs": {
            "version": "4.2.10",
            "resolved": "https://registry.npmjs.org/graceful-fs/-/graceful-fs-4.2.10.tgz",
            "integrity": "sha512-9ByhssR2fPVsNZj478qUUbKfmL0+t5BDVyjShtyZZLiK7ZDAArFFfopyOTj0M05wE2tJPisA4iTnnXl2YoPvOA=="
        },
        "node_modules/har-schema": {
            "version": "2.0.0",
            "resolved": "https://registry.npmjs.org/har-schema/-/har-schema-2.0.0.tgz",
            "integrity": "sha512-Oqluz6zhGX8cyRaTQlFMPw80bSJVG2x/cFb8ZPhUILGgHka9SsokCCOQgpveePerqidZOrT14ipqfJb7ILcW5Q==",
            "engines": {
                "node": ">=4"
            }
        },
        "node_modules/har-validator": {
            "version": "5.1.5",
            "resolved": "https://registry.npmjs.org/har-validator/-/har-validator-5.1.5.tgz",
            "integrity": "sha512-nmT2T0lljbxdQZfspsno9hgrG3Uir6Ks5afism62poxqBM6sDnMEuPmzTq8XN0OEwqKLLdh1jQI3qyE66Nzb3w==",
            "deprecated": "this library is no longer supported",
            "dependencies": {
                "ajv": "^6.12.3",
                "har-schema": "^2.0.0"
            },
            "engines": {
                "node": ">=6"
            }
        },
        "node_modules/has-ansi": {
            "version": "2.0.0",
            "resolved": "https://registry.npmjs.org/has-ansi/-/has-ansi-2.0.0.tgz",
            "integrity": "sha512-C8vBJ8DwUCx19vhm7urhTuUsr4/IyP6l4VzNQDv+ryHQObW3TTTp9yB68WpYgRe2bbaGuZ/se74IqFeVnMnLZg==",
            "dependencies": {
                "ansi-regex": "^2.0.0"
            },
            "engines": {
                "node": ">=0.10.0"
            }
        },
        "node_modules/httpsnippet": {
            "version": "2.0.0",
            "resolved": "https://registry.npmjs.org/httpsnippet/-/httpsnippet-2.0.0.tgz",
            "integrity": "sha512-Hb2ttfB5OhasYxwChZ8QKpYX3v4plNvwMaMulUIC7M3RHRDf1Op6EMp47LfaU2sgQgfvo5spWK4xRAirMEisrg==",
            "dependencies": {
                "chalk": "^1.1.1",
                "commander": "^2.9.0",
                "debug": "^2.2.0",
                "event-stream": "3.3.4",
                "form-data": "3.0.0",
                "fs-readfile-promise": "^2.0.1",
                "fs-writefile-promise": "^1.0.3",
                "har-validator": "^5.0.0",
                "stringify-object": "^3.3.0"
            },
            "bin": {
                "httpsnippet": "bin/httpsnippet"
            },
            "engines": {
                "node": ">=10"
            }
        },
        "node_modules/is-obj": {
            "version": "1.0.1",
            "resolved": "https://registry.npmjs.org/is-obj/-/is-obj-1.0.1.tgz",
            "integrity": "sha512-l4RyHgRqGN4Y3+9JHVrNqO+tN0rV5My76uW5/nuO4K1b6vw5G8d/cmFjP9tRfEsdhZNt0IFdZuK/c2Vr4Nb+Qg==",
            "engines": {
                "node": ">=0.10.0"
            }
        },
        "node_modules/is-regexp": {
            "version": "1.0.0",
            "resolved": "https://registry.npmjs.org/is-regexp/-/is-regexp-1.0.0.tgz",
            "integrity": "sha512-7zjFAPO4/gwyQAAgRRmqeEeyIICSdmCqa3tsVHMdBzaXXRiqopZL4Cyghg/XulGWrtABTpbnYYzzIRffLkP4oA==",
            "engines": {
                "node": ">=0.10.0"
            }
        },
        "node_modules/js-yaml": {
            "version": "4.1.0",
            "resolved": "https://registry.npmjs.org/js-yaml/-/js-yaml-4.1.0.tgz",
            "integrity": "sha512-wpxZs9NoxZaJESJGIZTyDEaYpl0FKSA+FB9aJiyemKhMwkxQg63h4T1KJgUGHpTqPDNRcmmYLugrRjJlBtWvRA==",
            "dependencies": {
                "argparse": "^2.0.1"
            },
            "bin": {
                "js-yaml": "bin/js-yaml.js"
            }
        },
        "node_modules/json-pointer": {
            "version": "0.6.2",
            "resolved": "https://registry.npmjs.org/json-pointer/-/json-pointer-0.6.2.tgz",
            "integrity": "sha512-vLWcKbOaXlO+jvRy4qNd+TI1QUPZzfJj1tpJ3vAXDych5XJf93ftpUKe5pKCrzyIIwgBJcOcCVRUfqQP25afBw==",
            "dependencies": {
                "foreach": "^2.0.4"
            }
        },
        "node_modules/json-schema-traverse": {
            "version": "0.4.1",
            "resolved": "https://registry.npmjs.org/json-schema-traverse/-/json-schema-traverse-0.4.1.tgz",
            "integrity": "sha512-xbbCH5dCYU5T8LcEhhuh7HJ88HXuW3qsI3Y0zOZFKfZEHcpWiHU/Jxzk629Brsab/mMiHQti9wMP+845RPe3Vg=="
        },
        "node_modules/map-stream": {
            "version": "0.1.0",
            "resolved": "https://registry.npmjs.org/map-stream/-/map-stream-0.1.0.tgz",
            "integrity": "sha512-CkYQrPYZfWnu/DAmVCpTSX/xHpKZ80eKh2lAkyA6AJTef6bW+6JpbQZN5rofum7da+SyN1bi5ctTm+lTfcCW3g=="
        },
        "node_modules/mime-db": {
            "version": "1.52.0",
            "resolved": "https://registry.npmjs.org/mime-db/-/mime-db-1.52.0.tgz",
            "integrity": "sha512-sPU4uV7dYlvtWJxwwxHD0PuihVNiE7TyAbQ5SWxDCB9mUYvOgroQOwYQQOKPJ8CIbE+1ETVlOoK1UC2nU3gYvg==",
            "engines": {
                "node": ">= 0.6"
            }
        },
        "node_modules/mime-types": {
            "version": "2.1.35",
            "resolved": "https://registry.npmjs.org/mime-types/-/mime-types-2.1.35.tgz",
            "integrity": "sha512-ZDY+bPm5zTTF+YpCrAU9nK0UgICYPT0QtT1NZWFv4s++TNkcgVaT0g6+4R2uI4MjQjzysHB1zxuWL50hzaeXiw==",
            "dependencies": {
                "mime-db": "1.52.0"
            },
            "engines": {
                "node": ">= 0.6"
            }
        },
        "node_modules/mkdirp": {
            "version": "1.0.4",
            "resolved": "https://registry.npmjs.org/mkdirp/-/mkdirp-1.0.4.tgz",
            "integrity": "sha512-vVqVZQyf3WLx2Shd0qJ9xuvqgAyKPLAiqITEtqW0oIUjzo3PePDd6fW9iFz30ef7Ysp/oiWqbhszeGWW2T6Gzw==",
            "peer": true,
            "bin": {
                "mkdirp": "bin/cmd.js"
            },
            "engines": {
                "node": ">=10"
            }
        },
        "node_modules/mkdirp-promise": {
            "version": "1.1.0",
            "resolved": "https://registry.npmjs.org/mkdirp-promise/-/mkdirp-promise-1.1.0.tgz",
            "integrity": "sha512-xzB0UZFcW1UGS2xkXeDh39jzTP282lb3Vwp4QzCQYmkTn4ysaV5dBdbkOXmhkcE1TQlZebQlgTceaWvDr3oFgw==",
            "deprecated": "This package is broken and no longer maintained. 'mkdirp' itself supports promises now, please switch to that.",
            "engines": {
                "node": ">=4"
            },
            "peerDependencies": {
                "mkdirp": ">=0.5.0"
            }
        },
        "node_modules/ms": {
            "version": "2.0.0",
            "resolved": "https://registry.npmjs.org/ms/-/ms-2.0.0.tgz",
            "integrity": "sha512-Tpp60P6IUJDTuOq/5Z8cdskzJujfwqfOTkrwIwj7IRISpnkJnT6SyJ4PCPnGMoFjC9ddhal5KVIYtAt97ix05A=="
        },
        "node_modules/openapi-sampler": {
            "version": "1.3.0",
            "resolved": "https://registry.npmjs.org/openapi-sampler/-/openapi-sampler-1.3.0.tgz",
            "integrity": "sha512-2QfjK1oM9Sv0q82Ae1RrUe3yfFmAyjF548+6eAeb+h/cL1Uj51TW4UezraBEvwEdzoBgfo4AaTLVFGTKj+yYDw==",
            "dependencies": {
                "@types/json-schema": "^7.0.7",
                "json-pointer": "0.6.2"
            }
        },
        "node_modules/openapi-snippet": {
            "version": "0.13.0",
            "resolved": "https://registry.npmjs.org/openapi-snippet/-/openapi-snippet-0.13.0.tgz",
            "integrity": "sha512-tDeTn/fbT9RpPIQJfQhki2czQzsaPAjNuyXDMp2DUFpwSoFjqGbFgEj8nU23nsRsVkwfqYvobOpTgGPpOFFLzQ==",
            "dependencies": {
                "httpsnippet": "^2.0.0",
                "openapi-sampler": "^1.0.0-beta.14"
            }
        },
        "node_modules/pause-stream": {
            "version": "0.0.11",
            "resolved": "https://registry.npmjs.org/pause-stream/-/pause-stream-0.0.11.tgz",
            "integrity": "sha512-e3FBlXLmN/D1S+zHzanP4E/4Z60oFAa3O051qt1pxa7DEJWKAyil6upYVXCWadEnuoqa4Pkc9oUx9zsxYeRv8A==",
            "dependencies": {
                "through": "~2.3"
            }
        },
        "node_modules/pinkie": {
            "version": "1.0.0",
            "resolved": "https://registry.npmjs.org/pinkie/-/pinkie-1.0.0.tgz",
            "integrity": "sha512-VFVaU1ysKakao68ktZm76PIdOhvEfoNNRaGkyLln9Os7r0/MCxqHjHyBM7dT3pgTiBybqiPtpqKfpENwdBp50Q==",
            "engines": {
                "node": ">=0.10.0"
            }
        },
        "node_modules/pinkie-promise": {
            "version": "1.0.0",
            "resolved": "https://registry.npmjs.org/pinkie-promise/-/pinkie-promise-1.0.0.tgz",
            "integrity": "sha512-5mvtVNse2Ml9zpFKkWBpGsTPwm3DKhs+c95prO/F6E7d6DN0FPqxs6LONpLNpyD7Iheb7QN4BbUoKJgo+DnkQA==",
            "dependencies": {
                "pinkie": "^1.0.0"
            },
            "engines": {
                "node": ">=0.10.0"
            }
        },
        "node_modules/punycode": {
            "version": "2.1.1",
            "resolved": "https://registry.npmjs.org/punycode/-/punycode-2.1.1.tgz",
            "integrity": "sha512-XRsRjdf+j5ml+y/6GKHPZbrF/8p2Yga0JPtdqTIY2Xe5ohJPD9saDJJLPvp9+NSBprVvevdXZybnj2cv8OEd0A==",
            "engines": {
                "node": ">=6"
            }
        },
        "node_modules/split": {
            "version": "0.3.3",
            "resolved": "https://registry.npmjs.org/split/-/split-0.3.3.tgz",
            "integrity": "sha512-wD2AeVmxXRBoX44wAycgjVpMhvbwdI2aZjCkvfNcH1YqHQvJVa1duWc73OyVGJUc05fhFaTZeQ/PYsrmyH0JVA==",
            "dependencies": {
                "through": "2"
            },
            "engines": {
                "node": "*"
            }
        },
        "node_modules/stream-combiner": {
            "version": "0.0.4",
            "resolved": "https://registry.npmjs.org/stream-combiner/-/stream-combiner-0.0.4.tgz",
            "integrity": "sha512-rT00SPnTVyRsaSz5zgSPma/aHSOic5U1prhYdRy5HS2kTZviFpmDgzilbtsJsxiroqACmayynDN/9VzIbX5DOw==",
            "dependencies": {
                "duplexer": "~0.1.1"
            }
        },
        "node_modules/stringify-object": {
            "version": "3.3.0",
            "resolved": "https://registry.npmjs.org/stringify-object/-/stringify-object-3.3.0.tgz",
            "integrity": "sha512-rHqiFh1elqCQ9WPLIC8I0Q/g/wj5J1eMkyoiD6eoQApWHP0FtlK7rqnhmabL5VUY9JQCcqwwvlOaSuutekgyrw==",
            "dependencies": {
                "get-own-enumerable-property-symbols": "^3.0.0",
                "is-obj": "^1.0.1",
                "is-regexp": "^1.0.0"
            },
            "engines": {
                "node": ">=4"
            }
        },
        "node_modules/strip-ansi": {
            "version": "3.0.1",
            "resolved": "https://registry.npmjs.org/strip-ansi/-/strip-ansi-3.0.1.tgz",
            "integrity": "sha512-VhumSSbBqDTP8p2ZLKj40UjBCV4+v8bUSEpUb4KjRgWk9pbqGF4REFj6KEagidb2f/M6AzC0EmFyDNGaw9OCzg==",
            "dependencies": {
                "ansi-regex": "^2.0.0"
            },
            "engines": {
                "node": ">=0.10.0"
            }
        },
        "node_modules/supports-color": {
            "version": "2.0.0",
            "resolved": "https://registry.npmjs.org/supports-color/-/supports-color-2.0.0.tgz",
            "integrity": "sha512-KKNVtd6pCYgPIKU4cp2733HWYCpplQhddZLBUryaAHou723x+FRzQ5Df824Fj+IyyuiQTRoub4SnIFfIcrp70g==",
            "engines": {
                "node": ">=0.8.0"
            }
        },
        "node_modules/through": {
            "version": "2.3.8",
            "resolved": "https://registry.npmjs.org/through/-/through-2.3.8.tgz",
            "integrity": "sha512-w89qg7PI8wAdvX60bMDP+bFoD5Dvhm9oLheFp5O4a2QF0cSBGsBX4qZmadPMvVqlLJBBci+WqGGOAPvcDeNSVg=="
        },
        "node_modules/uri-js": {
            "version": "4.4.1",
            "resolved": "https://registry.npmjs.org/uri-js/-/uri-js-4.4.1.tgz",
            "integrity": "sha512-7rKUyy33Q1yc98pQ1DAmLtwX109F7TIfWlW1Ydo8Wl1ii1SeHieeh0HHfPeL2fMXK6z0s8ecKs9frCuLJvndBg==",
            "dependencies": {
                "punycode": "^2.1.0"
            }
        }
    },
    "dependencies": {
        "@types/json-schema": {
            "version": "7.0.11",
            "resolved": "https://registry.npmjs.org/@types/json-schema/-/json-schema-7.0.11.tgz",
            "integrity": "sha512-wOuvG1SN4Us4rez+tylwwwCV1psiNVOkJeM3AUWUNWg/jDQY2+HE/444y5gc+jBmRqASOm2Oeh5c1axHobwRKQ=="
        },
        "ajv": {
            "version": "6.12.6",
            "resolved": "https://registry.npmjs.org/ajv/-/ajv-6.12.6.tgz",
            "integrity": "sha512-j3fVLgvTo527anyYyJOGTYJbG+vnnQYvE0m5mmkc1TK+nxAppkCLMIL0aZ4dblVCNoGShhm+kzE4ZUykBoMg4g==",
            "requires": {
                "fast-deep-equal": "^3.1.1",
                "fast-json-stable-stringify": "^2.0.0",
                "json-schema-traverse": "^0.4.1",
                "uri-js": "^4.2.2"
            }
        },
        "ansi-regex": {
            "version": "2.1.1",
            "resolved": "https://registry.npmjs.org/ansi-regex/-/ansi-regex-2.1.1.tgz",
            "integrity": "sha512-TIGnTpdo+E3+pCyAluZvtED5p5wCqLdezCyhPZzKPcxvFplEt4i+W7OONCKgeZFT3+y5NZZfOOS/Bdcanm1MYA=="
        },
        "ansi-styles": {
            "version": "2.2.1",
            "resolved": "https://registry.npmjs.org/ansi-styles/-/ansi-styles-2.2.1.tgz",
            "integrity": "sha512-kmCevFghRiWM7HB5zTPULl4r9bVFSWjz62MhqizDGUrq2NWuNMQyuv4tHHoKJHs69M/MF64lEcHdYIocrdWQYA=="
        },
        "argparse": {
            "version": "2.0.1",
            "resolved": "https://registry.npmjs.org/argparse/-/argparse-2.0.1.tgz",
            "integrity": "sha512-8+9WqebbFzpX9OR+Wa6O29asIogeRMzcGtAINdpMHHyAg10f05aSFVBbcEqGf/PXw1EjAZ+q2/bEBg3DvurK3Q=="
        },
        "asynckit": {
            "version": "0.4.0",
            "resolved": "https://registry.npmjs.org/asynckit/-/asynckit-0.4.0.tgz",
            "integrity": "sha512-Oei9OH4tRh0YqU3GxhX79dM/mwVgvbZJaSNaRk+bshkj0S5cfHcgYakreBjrHwatXKbz+IoIdYLxrKim2MjW0Q=="
        },
        "chalk": {
            "version": "1.1.3",
            "resolved": "https://registry.npmjs.org/chalk/-/chalk-1.1.3.tgz",
            "integrity": "sha512-U3lRVLMSlsCfjqYPbLyVv11M9CPW4I728d6TCKMAOJueEeB9/8o+eSsMnxPJD+Q+K909sdESg7C+tIkoH6on1A==",
            "requires": {
                "ansi-styles": "^2.2.1",
                "escape-string-regexp": "^1.0.2",
                "has-ansi": "^2.0.0",
                "strip-ansi": "^3.0.0",
                "supports-color": "^2.0.0"
            }
        },
        "combined-stream": {
            "version": "1.0.8",
            "resolved": "https://registry.npmjs.org/combined-stream/-/combined-stream-1.0.8.tgz",
            "integrity": "sha512-FQN4MRfuJeHf7cBbBMJFXhKSDq+2kAArBlmRBvcvFE5BB1HZKXtSFASDhdlz9zOYwxh8lDdnvmMOe/+5cdoEdg==",
            "requires": {
                "delayed-stream": "~1.0.0"
            }
        },
        "commander": {
            "version": "2.20.3",
            "resolved": "https://registry.npmjs.org/commander/-/commander-2.20.3.tgz",
            "integrity": "sha512-GpVkmM8vF2vQUkj2LvZmD35JxeJOLCwJ9cUkugyk2nuhbv3+mJvpLYYt+0+USMxE+oj+ey/lJEnhZw75x/OMcQ=="
        },
        "debug": {
            "version": "2.6.9",
            "resolved": "https://registry.npmjs.org/debug/-/debug-2.6.9.tgz",
            "integrity": "sha512-bC7ElrdJaJnPbAP+1EotYvqZsb3ecl5wi6Bfi6BJTUcNowp6cvspg0jXznRTKDjm/E7AdgFBVeAPVMNcKGsHMA==",
            "requires": {
                "ms": "2.0.0"
            }
        },
        "delayed-stream": {
            "version": "1.0.0",
            "resolved": "https://registry.npmjs.org/delayed-stream/-/delayed-stream-1.0.0.tgz",
            "integrity": "sha512-ZySD7Nf91aLB0RxL4KGrKHBXl7Eds1DAmEdcoVawXnLD7SDhpNgtuII2aAkg7a7QS41jxPSZ17p4VdGnMHk3MQ=="
        },
        "duplexer": {
            "version": "0.1.2",
            "resolved": "https://registry.npmjs.org/duplexer/-/duplexer-0.1.2.tgz",
            "integrity": "sha512-jtD6YG370ZCIi/9GTaJKQxWTZD045+4R4hTk/x1UyoqadyJ9x9CgSi1RlVDQF8U2sxLLSnFkCaMihqljHIWgMg=="
        },
        "escape-string-regexp": {
            "version": "1.0.5",
            "resolved": "https://registry.npmjs.org/escape-string-regexp/-/escape-string-regexp-1.0.5.tgz",
            "integrity": "sha512-vbRorB5FUQWvla16U8R/qgaFIya2qGzwDrNmCZuYKrbdSUMG6I1ZCGQRefkRVhuOkIGVne7BQ35DSfo1qvJqFg=="
        },
        "event-stream": {
            "version": "3.3.4",
            "resolved": "https://registry.npmjs.org/event-stream/-/event-stream-3.3.4.tgz",
            "integrity": "sha512-QHpkERcGsR0T7Qm3HNJSyXKEEj8AHNxkY3PK8TS2KJvQ7NiSHe3DDpwVKKtoYprL/AreyzFBeIkBIWChAqn60g==",
            "requires": {
                "duplexer": "~0.1.1",
                "from": "~0",
                "map-stream": "~0.1.0",
                "pause-stream": "0.0.11",
                "split": "0.3",
                "stream-combiner": "~0.0.4",
                "through": "~2.3.1"
            }
        },
        "fast-deep-equal": {
            "version": "3.1.3",
            "resolved": "https://registry.npmjs.org/fast-deep-equal/-/fast-deep-equal-3.1.3.tgz",
            "integrity": "sha512-f3qQ9oQy9j2AhBe/H9VC91wLmKBCCU/gDOnKNAYG5hswO7BLKj09Hc5HYNz9cGI++xlpDCIgDaitVs03ATR84Q=="
        },
        "fast-json-stable-stringify": {
            "version": "2.1.0",
            "resolved": "https://registry.npmjs.org/fast-json-stable-stringify/-/fast-json-stable-stringify-2.1.0.tgz",
            "integrity": "sha512-lhd/wF+Lk98HZoTCtlVraHtfh5XYijIjalXck7saUtuanSDyLMxnHhSXEDJqHxD7msR8D0uCmqlkwjCV8xvwHw=="
        },
        "foreach": {
            "version": "2.0.6",
            "resolved": "https://registry.npmjs.org/foreach/-/foreach-2.0.6.tgz",
            "integrity": "sha512-k6GAGDyqLe9JaebCsFCoudPPWfihKu8pylYXRlqP1J7ms39iPoTtk2fviNglIeQEwdh0bQeKJ01ZPyuyQvKzwg=="
        },
        "form-data": {
            "version": "3.0.0",
            "resolved": "https://registry.npmjs.org/form-data/-/form-data-3.0.0.tgz",
            "integrity": "sha512-CKMFDglpbMi6PyN+brwB9Q/GOw0eAnsrEZDgcsH5Krhz5Od/haKHAX0NmQfha2zPPz0JpWzA7GJHGSnvCRLWsg==",
            "requires": {
                "asynckit": "^0.4.0",
                "combined-stream": "^1.0.8",
                "mime-types": "^2.1.12"
            }
        },
        "from": {
            "version": "0.1.7",
            "resolved": "https://registry.npmjs.org/from/-/from-0.1.7.tgz",
            "integrity": "sha512-twe20eF1OxVxp/ML/kq2p1uc6KvFK/+vs8WjEbeKmV2He22MKm7YF2ANIt+EOqhJ5L3K/SuuPhk0hWQDjOM23g=="
        },
        "fs-readfile-promise": {
            "version": "2.0.1",
            "resolved": "https://registry.npmjs.org/fs-readfile-promise/-/fs-readfile-promise-2.0.1.tgz",
            "integrity": "sha512-7+P9eOOMnkIOmtxrBWTzWOBQlE7Nz/cBx9EYTX5hm8DzmZ/Fj9YWeUY2O9G+Q8YblScd1hyEkcmNcZMDj5U8Ug==",
            "requires": {
                "graceful-fs": "^4.1.2"
            }
        },
        "fs-writefile-promise": {
            "version": "1.0.3",
            "resolved": "https://registry.npmjs.org/fs-writefile-promise/-/fs-writefile-promise-1.0.3.tgz",
            "integrity": "sha512-yI+wDwj0FsgX7tyIQJR+EP60R64evMSixtGb9AzGWjJVKlF5tCet95KomfqGBg/aIAG1Dhd6wjCOQe5HbX/qLA==",
            "requires": {
                "mkdirp-promise": "^1.0.0",
                "pinkie-promise": "^1.0.0"
            }
        },
        "get-own-enumerable-property-symbols": {
            "version": "3.0.2",
            "resolved": "https://registry.npmjs.org/get-own-enumerable-property-symbols/-/get-own-enumerable-property-symbols-3.0.2.tgz",
            "integrity": "sha512-I0UBV/XOz1XkIJHEUDMZAbzCThU/H8DxmSfmdGcKPnVhu2VfFqr34jr9777IyaTYvxjedWhqVIilEDsCdP5G6g=="
        },
        "graceful-fs": {
            "version": "4.2.10",
            "resolved": "https://registry.npmjs.org/graceful-fs/-/graceful-fs-4.2.10.tgz",
            "integrity": "sha512-9ByhssR2fPVsNZj478qUUbKfmL0+t5BDVyjShtyZZLiK7ZDAArFFfopyOTj0M05wE2tJPisA4iTnnXl2YoPvOA=="
        },
        "har-schema": {
            "version": "2.0.0",
            "resolved": "https://registry.npmjs.org/har-schema/-/har-schema-2.0.0.tgz",
            "integrity": "sha512-Oqluz6zhGX8cyRaTQlFMPw80bSJVG2x/cFb8ZPhUILGgHka9SsokCCOQgpveePerqidZOrT14ipqfJb7ILcW5Q=="
        },
        "har-validator": {
            "version": "5.1.5",
            "resolved": "https://registry.npmjs.org/har-validator/-/har-validator-5.1.5.tgz",
            "integrity": "sha512-nmT2T0lljbxdQZfspsno9hgrG3Uir6Ks5afism62poxqBM6sDnMEuPmzTq8XN0OEwqKLLdh1jQI3qyE66Nzb3w==",
            "requires": {
                "ajv": "^6.12.3",
                "har-schema": "^2.0.0"
            }
        },
        "has-ansi": {
            "version": "2.0.0",
            "resolved": "https://registry.npmjs.org/has-ansi/-/has-ansi-2.0.0.tgz",
            "integrity": "sha512-C8vBJ8DwUCx19vhm7urhTuUsr4/IyP6l4VzNQDv+ryHQObW3TTTp9yB68WpYgRe2bbaGuZ/se74IqFeVnMnLZg==",
            "requires": {
                "ansi-regex": "^2.0.0"
            }
        },
        "httpsnippet": {
            "version": "2.0.0",
            "resolved": "https://registry.npmjs.org/httpsnippet/-/httpsnippet-2.0.0.tgz",
            "integrity": "sha512-Hb2ttfB5OhasYxwChZ8QKpYX3v4plNvwMaMulUIC7M3RHRDf1Op6EMp47LfaU2sgQgfvo5spWK4xRAirMEisrg==",
            "requires": {
                "chalk": "^1.1.1",
                "commander": "^2.9.0",
                "debug": "^2.2.0",
                "event-stream": "3.3.4",
                "form-data": "3.0.0",
                "fs-readfile-promise": "^2.0.1",
                "fs-writefile-promise": "^1.0.3",
                "har-validator": "^5.0.0",
                "stringify-object": "^3.3.0"
            }
        },
        "is-obj": {
            "version": "1.0.1",
            "resolved": "https://registry.npmjs.org/is-obj/-/is-obj-1.0.1.tgz",
            "integrity": "sha512-l4RyHgRqGN4Y3+9JHVrNqO+tN0rV5My76uW5/nuO4K1b6vw5G8d/cmFjP9tRfEsdhZNt0IFdZuK/c2Vr4Nb+Qg=="
        },
        "is-regexp": {
            "version": "1.0.0",
            "resolved": "https://registry.npmjs.org/is-regexp/-/is-regexp-1.0.0.tgz",
            "integrity": "sha512-7zjFAPO4/gwyQAAgRRmqeEeyIICSdmCqa3tsVHMdBzaXXRiqopZL4Cyghg/XulGWrtABTpbnYYzzIRffLkP4oA=="
        },
        "js-yaml": {
            "version": "4.1.0",
            "resolved": "https://registry.npmjs.org/js-yaml/-/js-yaml-4.1.0.tgz",
            "integrity": "sha512-wpxZs9NoxZaJESJGIZTyDEaYpl0FKSA+FB9aJiyemKhMwkxQg63h4T1KJgUGHpTqPDNRcmmYLugrRjJlBtWvRA==",
            "requires": {
                "argparse": "^2.0.1"
            }
        },
        "json-pointer": {
            "version": "0.6.2",
            "resolved": "https://registry.npmjs.org/json-pointer/-/json-pointer-0.6.2.tgz",
            "integrity": "sha512-vLWcKbOaXlO+jvRy4qNd+TI1QUPZzfJj1tpJ3vAXDych5XJf93ftpUKe5pKCrzyIIwgBJcOcCVRUfqQP25afBw==",
            "requires": {
                "foreach": "^2.0.4"
            }
        },
        "json-schema-traverse": {
            "version": "0.4.1",
            "resolved": "https://registry.npmjs.org/json-schema-traverse/-/json-schema-traverse-0.4.1.tgz",
            "integrity": "sha512-xbbCH5dCYU5T8LcEhhuh7HJ88HXuW3qsI3Y0zOZFKfZEHcpWiHU/Jxzk629Brsab/mMiHQti9wMP+845RPe3Vg=="
        },
        "map-stream": {
            "version": "0.1.0",
            "resolved": "https://registry.npmjs.org/map-stream/-/map-stream-0.1.0.tgz",
            "integrity": "sha512-CkYQrPYZfWnu/DAmVCpTSX/xHpKZ80eKh2lAkyA6AJTef6bW+6JpbQZN5rofum7da+SyN1bi5ctTm+lTfcCW3g=="
        },
        "mime-db": {
            "version": "1.52.0",
            "resolved": "https://registry.npmjs.org/mime-db/-/mime-db-1.52.0.tgz",
            "integrity": "sha512-sPU4uV7dYlvtWJxwwxHD0PuihVNiE7TyAbQ5SWxDCB9mUYvOgroQOwYQQOKPJ8CIbE+1ETVlOoK1UC2nU3gYvg=="
        },
        "mime-types": {
            "version": "2.1.35",
            "resolved": "https://registry.npmjs.org/mime-types/-/mime-types-2.1.35.tgz",
            "integrity": "sha512-ZDY+bPm5zTTF+YpCrAU9nK0UgICYPT0QtT1NZWFv4s++TNkcgVaT0g6+4R2uI4MjQjzysHB1zxuWL50hzaeXiw==",
            "requires": {
                "mime-db": "1.52.0"
            }
        },
        "mkdirp": {
            "version": "1.0.4",
            "resolved": "https://registry.npmjs.org/mkdirp/-/mkdirp-1.0.4.tgz",
            "integrity": "sha512-vVqVZQyf3WLx2Shd0qJ9xuvqgAyKPLAiqITEtqW0oIUjzo3PePDd6fW9iFz30ef7Ysp/oiWqbhszeGWW2T6Gzw==",
            "peer": true
        },
        "mkdirp-promise": {
            "version": "1.1.0",
            "resolved": "https://registry.npmjs.org/mkdirp-promise/-/mkdirp-promise-1.1.0.tgz",
            "integrity": "sha512-xzB0UZFcW1UGS2xkXeDh39jzTP282lb3Vwp4QzCQYmkTn4ysaV5dBdbkOXmhkcE1TQlZebQlgTceaWvDr3oFgw==",
            "requires": {}
        },
        "ms": {
            "version": "2.0.0",
            "resolved": "https://registry.npmjs.org/ms/-/ms-2.0.0.tgz",
            "integrity": "sha512-Tpp60P6IUJDTuOq/5Z8cdskzJujfwqfOTkrwIwj7IRISpnkJnT6SyJ4PCPnGMoFjC9ddhal5KVIYtAt97ix05A=="
        },
        "openapi-sampler": {
            "version": "1.3.0",
            "resolved": "https://registry.npmjs.org/openapi-sampler/-/openapi-sampler-1.3.0.tgz",
            "integrity": "sha512-2QfjK1oM9Sv0q82Ae1RrUe3yfFmAyjF548+6eAeb+h/cL1Uj51TW4UezraBEvwEdzoBgfo4AaTLVFGTKj+yYDw==",
            "requires": {
                "@types/json-schema": "^7.0.7",
                "json-pointer": "0.6.2"
            }
        },
        "openapi-snippet": {
            "version": "0.13.0",
            "resolved": "https://registry.npmjs.org/openapi-snippet/-/openapi-snippet-0.13.0.tgz",
            "integrity": "sha512-tDeTn/fbT9RpPIQJfQhki2czQzsaPAjNuyXDMp2DUFpwSoFjqGbFgEj8nU23nsRsVkwfqYvobOpTgGPpOFFLzQ==",
            "requires": {
                "httpsnippet": "^2.0.0",
                "openapi-sampler": "^1.0.0-beta.14"
            }
        },
        "pause-stream": {
            "version": "0.0.11",
            "resolved": "https://registry.npmjs.org/pause-stream/-/pause-stream-0.0.11.tgz",
            "integrity": "sha512-e3FBlXLmN/D1S+zHzanP4E/4Z60oFAa3O051qt1pxa7DEJWKAyil6upYVXCWadEnuoqa4Pkc9oUx9zsxYeRv8A==",
            "requires": {
                "through": "~2.3"
            }
        },
        "pinkie": {
            "version": "1.0.0",
            "resolved": "https://registry.npmjs.org/pinkie/-/pinkie-1.0.0.tgz",
            "integrity": "sha512-VFVaU1ysKakao68ktZm76PIdOhvEfoNNRaGkyLln9Os7r0/MCxqHjHyBM7dT3pgTiBybqiPtpqKfpENwdBp50Q=="
        },
        "pinkie-promise": {
            "version": "1.0.0",
            "resolved": "https://registry.npmjs.org/pinkie-promise/-/pinkie-promise-1.0.0.tgz",
            "integrity": "sha512-5mvtVNse2Ml9zpFKkWBpGsTPwm3DKhs+c95prO/F6E7d6DN0FPqxs6LONpLNpyD7Iheb7QN4BbUoKJgo+DnkQA==",
            "requires": {
                "pinkie": "^1.0.0"
            }
        },
        "punycode": {
            "version": "2.1.1",
            "resolved": "https://registry.npmjs.org/punycode/-/punycode-2.1.1.tgz",
            "integrity": "sha512-XRsRjdf+j5ml+y/6GKHPZbrF/8p2Yga0JPtdqTIY2Xe5ohJPD9saDJJLPvp9+NSBprVvevdXZybnj2cv8OEd0A=="
        },
        "split": {
            "version": "0.3.3",
            "resolved": "https://registry.npmjs.org/split/-/split-0.3.3.tgz",
            "integrity": "sha512-wD2AeVmxXRBoX44wAycgjVpMhvbwdI2aZjCkvfNcH1YqHQvJVa1duWc73OyVGJUc05fhFaTZeQ/PYsrmyH0JVA==",
            "requires": {
                "through": "2"
            }
        },
        "stream-combiner": {
            "version": "0.0.4",
            "resolved": "https://registry.npmjs.org/stream-combiner/-/stream-combiner-0.0.4.tgz",
            "integrity": "sha512-rT00SPnTVyRsaSz5zgSPma/aHSOic5U1prhYdRy5HS2kTZviFpmDgzilbtsJsxiroqACmayynDN/9VzIbX5DOw==",
            "requires": {
                "duplexer": "~0.1.1"
            }
        },
        "stringify-object": {
            "version": "3.3.0",
            "resolved": "https://registry.npmjs.org/stringify-object/-/stringify-object-3.3.0.tgz",
            "integrity": "sha512-rHqiFh1elqCQ9WPLIC8I0Q/g/wj5J1eMkyoiD6eoQApWHP0FtlK7rqnhmabL5VUY9JQCcqwwvlOaSuutekgyrw==",
            "requires": {
                "get-own-enumerable-property-symbols": "^3.0.0",
                "is-obj": "^1.0.1",
                "is-regexp": "^1.0.0"
            }
        },
        "strip-ansi": {
            "version": "3.0.1",
            "resolved": "https://registry.npmjs.org/strip-ansi/-/strip-ansi-3.0.1.tgz",
            "integrity": "sha512-VhumSSbBqDTP8p2ZLKj40UjBCV4+v8bUSEpUb4KjRgWk9pbqGF4REFj6KEagidb2f/M6AzC0EmFyDNGaw9OCzg==",
            "requires": {
                "ansi-regex": "^2.0.0"
            }
        },
        "supports-color": {
            "version": "2.0.0",
            "resolved": "https://registry.npmjs.org/supports-color/-/supports-color-2.0.0.tgz",
            "integrity": "sha512-KKNVtd6pCYgPIKU4cp2733HWYCpplQhddZLBUryaAHou723x+FRzQ5Df824Fj+IyyuiQTRoub4SnIFfIcrp70g=="
        },
        "through": {
            "version": "2.3.8",
            "resolved": "https://registry.npmjs.org/through/-/through-2.3.8.tgz",
            "integrity": "sha512-w89qg7PI8wAdvX60bMDP+bFoD5Dvhm9oLheFp5O4a2QF0cSBGsBX4qZmadPMvVqlLJBBci+WqGGOAPvcDeNSVg=="
        },
        "uri-js": {
            "version": "4.4.1",
            "resolved": "https://registry.npmjs.org/uri-js/-/uri-js-4.4.1.tgz",
            "integrity": "sha512-7rKUyy33Q1yc98pQ1DAmLtwX109F7TIfWlW1Ydo8Wl1ii1SeHieeh0HHfPeL2fMXK6z0s8ecKs9frCuLJvndBg==",
            "requires": {
                "punycode": "^2.1.0"
            }
        }
    }
}